
Microsoft Visual Studio Solution File, Format Version 12.00
# Visual Studio Version 17
VisualStudioVersion = 17.11.35327.3
MinimumVisualStudioVersion = 10.0.40219.1
Project("{FAE04EC0-301F-11D3-BF4B-00C04F79EFBC}") = "dianyongkong4.7.2", "dianyongkong4.7.2\dianyongkong4.7.2.csproj", "{BAEC9019-4715-431A-8968-39A5B38D80D2}"
EndProject
Global
	GlobalSection(SolutionConfigurationPlatforms) = preSolution
		Debug|Any CPU = Debug|Any CPU
		Release|Any CPU = Release|Any CPU
	EndGlobalSection
	GlobalSection(ProjectConfigurationPlatforms) = postSolution
		{BAEC9019-4715-431A-8968-39A5B38D80D2}.Debug|Any CPU.ActiveCfg = Debug|Any CPU
		{BAEC9019-4715-431A-8968-39A5B38D80D2}.Debug|Any CPU.Build.0 = Debug|Any CPU
		{BAEC9019-4715-431A-8968-39A5B38D80D2}.Release|Any CPU.ActiveCfg = Release|Any CPU
		{BAEC9019-4715-431A-8968-39A5B38D80D2}.Release|Any CPU.Build.0 = Release|Any CPU
	EndGlobalSection
	GlobalSection(SolutionProperties) = preSolution
		HideSolutionNode = FALSE
	EndGlobalSection
	GlobalSection(ExtensibilityGlobals) = postSolution
		SolutionGuid = {126D2885-1F68-4029-87CC-F7BA56790A08}
	EndGlobalSection
EndGlobal
